// !$*UTF8*$!
{
	archiveVersion = 1;
	classes = {
	};
	objectVersion = 48;
	objects = {

/* Begin PBXBuildFile section */
		818BC00B20109DF1004F555B /* carImage.jpg in Resources */ = {isa = PBXBuildFile; fileRef = 818BC00A20109B2C004F555B /* carImage.jpg */; };
		818BC00D2010C73A004F555B /* ViewController.swift in Sources */ = {isa = PBXBuildFile; fileRef = 818BC00C2010C739004F555B /* ViewController.swift */; };
		8191AF34200F912600948F9E /* AppDelegate.swift in Sources */ = {isa = PBXBuildFile; fileRef = 8191AF33200F912600948F9E /* AppDelegate.swift */; };
		8191AF39200F912600948F9E /* Main.storyboard in Resources */ = {isa = PBXBuildFile; fileRef = 8191AF37200F912600948F9E /* Main.storyboard */; };
		8191AF3B200F912600948F9E /* Assets.xcassets in Resources */ = {isa = PBXBuildFile; fileRef = 8191AF3A200F912600948F9E /* Assets.xcassets */; };
		8191AF3E200F912600948F9E /* LaunchScreen.storyboard in Resources */ = {isa = PBXBuildFile; fileRef = 8191AF3C200F912600948F9E /* LaunchScreen.storyboard */; };
		8191AF62200FA9E600948F9E /* ScrollTopTabBar.swift in Sources */ = {isa = PBXBuildFile; fileRef = 8191AF52200FA77C00948F9E /* ScrollTopTabBar.swift */; };
		8191AF63200FA9EA00948F9E /* ButtonCell.xib in Resources */ = {isa = PBXBuildFile; fileRef = 8191AF53200FA77C00948F9E /* ButtonCell.xib */; };
		8191AF64200FA9EE00948F9E /* File.swift in Sources */ = {isa = PBXBuildFile; fileRef = 8191AF54200FA77C00948F9E /* File.swift */; };
		8191AF65200FA9F200948F9E /* ScrollTopTabBar.xib in Resources */ = {isa = PBXBuildFile; fileRef = 8191AF55200FA77C00948F9E /* ScrollTopTabBar.xib */; };
		8191AF66200FA9F500948F9E /* ScrollTopTabBarPresenter.swift in Sources */ = {isa = PBXBuildFile; fileRef = 8191AF51200FA77B00948F9E /* ScrollTopTabBarPresenter.swift */; };
		8191AF67200FA9F700948F9E /* ViewCell.xib in Resources */ = {isa = PBXBuildFile; fileRef = 8191AF50200FA77B00948F9E /* ViewCell.xib */; };
/* End PBXBuildFile section */

/* Begin PBXFileReference section */
		818BC00A20109B2C004F555B /* carImage.jpg */ = {isa = PBXFileReference; lastKnownFileType = image.jpeg; path = carImage.jpg; sourceTree = "<group>"; };
		818BC00C2010C739004F555B /* ViewController.swift */ = {isa = PBXFileReference; lastKnownFileType = sourcecode.swift; path = ViewController.swift; sourceTree = "<group>"; };
		8191AF30200F912600948F9E /* ScrollTopTabBar.app */ = {isa = PBXFileReference; explicitFileType = wrapper.application; includeInIndex = 0; path = ScrollTopTabBar.app; sourceTree = BUILT_PRODUCTS_DIR; };
		8191AF33200F912600948F9E /* AppDelegate.swift */ = {isa = PBXFileReference; lastKnownFileType = sourcecode.swift; path = AppDelegate.swift; sourceTree = "<group>"; };
		8191AF38200F912600948F9E /* Base */ = {isa = PBXFileReference; lastKnownFileType = file.storyboard; name = Base; path = Base.lproj/Main.storyboard; sourceTree = "<group>"; };
		8191AF3A200F912600948F9E /* Assets.xcassets */ = {isa = PBXFileReference; lastKnownFileType = folder.assetcatalog; path = Assets.xcassets; sourceTree = "<group>"; };
		8191AF3D200F912600948F9E /* Base */ = {isa = PBXFileReference; lastKnownFileType = file.storyboard; name = Base; path = Base.lproj/LaunchScreen.storyboard; sourceTree = "<group>"; };
		8191AF3F200F912600948F9E /* Info.plist */ = {isa = PBXFileReference; lastKnownFileType = text.plist.xml; path = Info.plist; sourceTree = "<group>"; };
		8191AF50200FA77B00948F9E /* ViewCell.xib */ = {isa = PBXFileReference; lastKnownFileType = file.xib; path = ViewCell.xib; sourceTree = "<group>"; };
		8191AF51200FA77B00948F9E /* ScrollTopTabBarPresenter.swift */ = {isa = PBXFileReference; lastKnownFileType = sourcecode.swift; path = ScrollTopTabBarPresenter.swift; sourceTree = "<group>"; };
		8191AF52200FA77C00948F9E /* ScrollTopTabBar.swift */ = {isa = PBXFileReference; lastKnownFileType = sourcecode.swift; path = ScrollTopTabBar.swift; sourceTree = "<group>"; };
		8191AF53200FA77C00948F9E /* ButtonCell.xib */ = {isa = PBXFileReference; lastKnownFileType = file.xib; path = ButtonCell.xib; sourceTree = "<group>"; };
		8191AF54200FA77C00948F9E /* File.swift */ = {isa = PBXFileReference; lastKnownFileType = sourcecode.swift; path = File.swift; sourceTree = "<group>"; };
		8191AF55200FA77C00948F9E /* ScrollTopTabBar.xib */ = {isa = PBXFileReference; lastKnownFileType = file.xib; path = ScrollTopTabBar.xib; sourceTree = "<group>"; };
/* End PBXFileReference section */

/* Begin PBXFrameworksBuildPhase section */
		8191AF2D200F912600948F9E /* Frameworks */ = {
			isa = PBXFrameworksBuildPhase;
			buildActionMask = 2147483647;
			files = (
			);
			runOnlyForDeploymentPostprocessing = 0;
		};
/* End PBXFrameworksBuildPhase section */

/* Begin PBXGroup section */
		8191AF27200F912600948F9E = {
			isa = PBXGroup;
			children = (
				8191AF32200F912600948F9E /* ScrollTopTabBar */,
				8191AF31200F912600948F9E /* Products */,
			);
			sourceTree = "<group>";
		};
		8191AF31200F912600948F9E /* Products */ = {
			isa = PBXGroup;
			children = (
				8191AF30200F912600948F9E /* ScrollTopTabBar.app */,
			);
			name = Products;
			sourceTree = "<group>";
		};
		8191AF32200F912600948F9E /* ScrollTopTabBar */ = {
			isa = PBXGroup;
			children = (
				818BC00A20109B2C004F555B /* carImage.jpg */,
				8191AF69200FAA7A00948F9E /* screen shot  */,
				8191AF68200FAA6400948F9E /* support files */,
				8191AF4F200FA6E800948F9E /* scrollLibrary */,
				8191AF33200F912600948F9E /* AppDelegate.swift */,
				818BC00C2010C739004F555B /* ViewController.swift */,
				8191AF37200F912600948F9E /* Main.storyboard */,
				8191AF3A200F912600948F9E /* Assets.xcassets */,
				8191AF3C200F912600948F9E /* LaunchScreen.storyboard */,
				8191AF3F200F912600948F9E /* Info.plist */,
			);
			path = ScrollTopTabBar;
			sourceTree = "<group>";
		};
		8191AF4F200FA6E800948F9E /* scrollLibrary */ = {
			isa = PBXGroup;
			children = (
				8191AF53200FA77C00948F9E /* ButtonCell.xib */,
				8191AF54200FA77C00948F9E /* File.swift */,
				8191AF52200FA77C00948F9E /* ScrollTopTabBar.swift */,
				8191AF55200FA77C00948F9E /* ScrollTopTabBar.xib */,
				8191AF51200FA77B00948F9E /* ScrollTopTabBarPresenter.swift */,
				8191AF50200FA77B00948F9E /* ViewCell.xib */,
			);
			path = scrollLibrary;
			sourceTree = "<group>";
		};
		8191AF68200FAA6400948F9E /* support files */ = {
			isa = PBXGroup;
			children = (
			);
			path = "support files";
			sourceTree = "<group>";
		};
		8191AF69200FAA7A00948F9E /* screen shot  */ = {
			isa = PBXGroup;
			children = (
			);
			path = "screen shot ";
			sourceTree = "<group>";
		};
/* End PBXGroup section */

/* Begin PBXNativeTarget section */
		8191AF2F200F912600948F9E /* ScrollTopTabBar */ = {
			isa = PBXNativeTarget;
			buildConfigurationList = 8191AF42200F912600948F9E /* Build configuration list for PBXNativeTarget "ScrollTopTabBar" */;
			buildPhases = (
				8191AF2C200F912600948F9E /* Sources */,
				8191AF2D200F912600948F9E /* Frameworks */,
				8191AF2E200F912600948F9E /* Resources */,
			);
			buildRules = (
			);
			dependencies = (
			);
			name = ScrollTopTabBar;
			productName = ScrollTopTabBar;
			productReference = 8191AF30200F912600948F9E /* ScrollTopTabBar.app */;
			productType = "com.apple.product-type.application";
		};
/* End PBXNativeTarget section */

/* Begin PBXProject section */
		8191AF28200F912600948F9E /* Project object */ = {
			isa = PBXProject;
			attributes = {
				LastSwiftUpdateCheck = 0900;
				LastUpgradeCheck = 0900;
				ORGANIZATIONNAME = "Ragaie alfy";
				TargetAttributes = {
					8191AF2F200F912600948F9E = {
						CreatedOnToolsVersion = 9.0;
						ProvisioningStyle = Automatic;
					};
				};
			};
			buildConfigurationList = 8191AF2B200F912600948F9E /* Build configuration list for PBXProject "ScrollTopTabBar" */;
			compatibilityVersion = "Xcode 8.0";
			developmentRegion = en;
			hasScannedForEncodings = 0;
			knownRegions = (
				en,
				Base,
			);
			mainGroup = 8191AF27200F912600948F9E;
			productRefGroup = 8191AF31200F912600948F9E /* Products */;
			projectDirPath = "";
			projectRoot = "";
			targets = (
				8191AF2F200F912600948F9E /* ScrollTopTabBar */,
			);
		};
/* End PBXProject section */

/* Begin PBXResourcesBuildPhase section */
		8191AF2E200F912600948F9E /* Resources */ = {
			isa = PBXResourcesBuildPhase;
			buildActionMask = 2147483647;
			files = (
				8191AF3E200F912600948F9E /* LaunchScreen.storyboard in Resources */,
				8191AF3B200F912600948F9E /* Assets.xcassets in Resources */,
				8191AF67200FA9F700948F9E /* ViewCell.xib in Resources */,
				8191AF39200F912600948F9E /* Main.storyboard in Resources */,
				818BC00B20109DF1004F555B /* carImage.jpg in Resources */,
				8191AF65200FA9F200948F9E /* ScrollTopTabBar.xib in Resources */,
				8191AF63200FA9EA00948F9E /* ButtonCell.xib in Resources */,
			);
			runOnlyForDeploymentPostprocessing = 0;
		};
/* End PBXResourcesBuildPhase section */

/* Begin PBXSourcesBuildPhase section */
		8191AF2C200F912600948F9E /* Sources */ = {
			isa = PBXSourcesBuildPhase;
			buildActionMask = 2147483647;
			files = (
				818BC00D2010C73A004F555B /* ViewController.swift in Sources */,
				8191AF62200FA9E600948F9E /* ScrollTopTabBar.swift in Sources */,
				8191AF34200F912600948F9E /* AppDelegate.swift in Sources */,
				8191AF64200FA9EE00948F9E /* File.swift in Sources */,
				8191AF66200FA9F500948F9E /* ScrollTopTabBarPresenter.swift in Sources */,
			);
			runOnlyForDeploymentPostprocessing = 0;
		};
/* End PBXSourcesBuildPhase section */

/* Begin PBXVariantGroup section */
		8191AF37200F912600948F9E /* Main.storyboard */ = {
			isa = PBXVariantGroup;
			children = (
				8191AF38200F912600948F9E /* Base */,
			);
			name = Main.storyboard;
			sourceTree = "<group>";
		};
		8191AF3C200F912600948F9E /* LaunchScreen.storyboard */ = {
			isa = PBXVariantGroup;
			children = (
				8191AF3D200F912600948F9E /* Base */,
			);
			name = LaunchScreen.storyboard;
			sourceTree = "<group>";
		};
/* End PBXVariantGroup section */

/* Begin XCBuildConfiguration section */
		8191AF40200F912600948F9E /* Debug */ = {
			isa = XCBuildConfiguration;
			buildSettings = {
				ALWAYS_SEARCH_USER_PATHS = NO;
				CLANG_ANALYZER_NONNULL = YES;
				CLANG_ANALYZER_NUMBER_OBJECT_CONVERSION = YES_AGGRESSIVE;
				CLANG_CXX_LANGUAGE_STANDARD = "gnu++14";
				CLANG_CXX_LIBRARY = "libc++";
				CLANG_ENABLE_MODULES = YES;
				CLANG_ENABLE_OBJC_ARC = YES;
				CLANG_WARN_BLOCK_CAPTURE_AUTORELEASING = YES;
				CLANG_WARN_BOOL_CONVERSION = YES;
				CLANG_WARN_COMMA = YES;
				CLANG_WARN_CONSTANT_CONVERSION = YES;
				CLANG_WARN_DIRECT_OBJC_ISA_USAGE = YES_ERROR;
				CLANG_WARN_DOCUMENTATION_COMMENTS = YES;
				CLANG_WARN_EMPTY_BODY = YES;
				CLANG_WARN_ENUM_CONVERSION = YES;
				CLANG_WARN_INFINITE_RECURSION = YES;
				CLANG_WARN_INT_CONVERSION = YES;
				CLANG_WARN_NON_LITERAL_NULL_CONVERSION = YES;
				CLANG_WARN_OBJC_LITERAL_CONVERSION = YES;
				CLANG_WARN_OBJC_ROOT_CLASS = YES_ERROR;
				CLANG_WARN_RANGE_LOOP_ANALYSIS = YES;
				CLANG_WARN_STRICT_PROTOTYPES = YES;
				CLANG_WARN_SUSPICIOUS_MOVE = YES;
				CLANG_WARN_UNGUARDED_AVAILABILITY = YES_AGGRESSIVE;
				CLANG_WARN_UNREACHABLE_CODE = YES;
				CLANG_WARN__DUPLICATE_METHOD_MATCH = YES;
				CODE_SIGN_IDENTITY = "iPhone Developer";
				COPY_PHASE_STRIP = NO;
				DEBUG_INFORMATION_FORMAT = dwarf;
				ENABLE_STRICT_OBJC_MSGSEND = YES;
				ENABLE_TESTABILITY = YES;
				GCC_C_LANGUAGE_STANDARD = gnu11;
				GCC_DYNAMIC_NO_PIC = NO;
				GCC_NO_COMMON_BLOCKS = YES;
				GCC_OPTIMIZATION_LEVEL = 0;
				GCC_PREPROCESSOR_DEFINITIONS = (
					"DEBUG=1",
					"$(inherited)",
				);
				GCC_WARN_64_TO_32_BIT_CONVERSION = YES;
				GCC_WARN_ABOUT_RETURN_TYPE = YES_ERROR;
				GCC_WARN_UNDECLARED_SELECTOR = YES;
				GCC_WARN_UNINITIALIZED_AUTOS = YES_AGGRESSIVE;
				GCC_WARN_UNUSED_FUNCTION = YES;
				GCC_WARN_UNUSED_VARIABLE = YES;
				IPHONEOS_DEPLOYMENT_TARGET = 11.0;
				MTL_ENABLE_DEBUG_INFO = YES;
				ONLY_ACTIVE_ARCH = YES;
				SDKROOT = iphoneos;
				SWIFT_ACTIVE_COMPILATION_CONDITIONS = DEBUG;
				SWIFT_OPTIMIZATION_LEVEL = "-Onone";
			};
			name = Debug;
		};
		8191AF41200F912600948F9E /* Release */ = {
			isa = XCBuildConfiguration;
			buildSettings = {
				ALWAYS_SEARCH_USER_PATHS = NO;
				CLANG_ANALYZER_NONNULL = YES;
				CLANG_ANALYZER_NUMBER_OBJECT_CONVERSION = YES_AGGRESSIVE;
				CLANG_CXX_LANGUAGE_STANDARD = "gnu++14";
				CLANG_CXX_LIBRARY = "libc++";
				CLANG_ENABLE_MODULES = YES;
				CLANG_ENABLE_OBJC_ARC = YES;
				CLANG_WARN_BLOCK_CAPTURE_AUTORELEASING = YES;
				CLANG_WARN_BOOL_CONVERSION = YES;
				CLANG_WARN_COMMA = YES;
				CLANG_WARN_CONSTANT_CONVERSION = YES;
				CLANG_WARN_DIRECT_OBJC_ISA_USAGE = YES_ERROR;
				CLANG_WARN_DOCUMENTATION_COMMENTS = YES;
				CLANG_WARN_EMPTY_BODY = YES;
				CLANG_WARN_ENUM_CONVERSION = YES;
				CLANG_WARN_INFINITE_RECURSION = YES;
				CLANG_WARN_INT_CONVERSION = YES;
				CLANG_WARN_NON_LITERAL_NULL_CONVERSION = YES;
				CLANG_WARN_OBJC_LITERAL_CONVERSION = YES;
				CLANG_WARN_OBJC_ROOT_CLASS = YES_ERROR;
				CLANG_WARN_RANGE_LOOP_ANALYSIS = YES;
				CLANG_WARN_STRICT_PROTOTYPES = YES;
				CLANG_WARN_SUSPICIOUS_MOVE = YES;
				CLANG_WARN_UNGUARDED_AVAILABILITY = YES_AGGRESSIVE;
				CLANG_WARN_UNREACHABLE_CODE = YES;
				CLANG_WARN__DUPLICATE_METHOD_MATCH = YES;
				CODE_SIGN_IDENTITY = "iPhone Developer";
				COPY_PHASE_STRIP = NO;
				DEBUG_INFORMATION_FORMAT = "dwarf-with-dsym";
				ENABLE_NS_ASSERTIONS = NO;
				ENABLE_STRICT_OBJC_MSGSEND = YES;
				GCC_C_LANGUAGE_STANDARD = gnu11;
				GCC_NO_COMMON_BLOCKS = YES;
				GCC_WARN_64_TO_32_BIT_CONVERSION = YES;
				GCC_WARN_ABOUT_RETURN_TYPE = YES_ERROR;
				GCC_WARN_UNDECLARED_SELECTOR = YES;
				GCC_WARN_UNINITIALIZED_AUTOS = YES_AGGRESSIVE;
				GCC_WARN_UNUSED_FUNCTION = YES;
				GCC_WARN_UNUSED_VARIABLE = YES;
				IPHONEOS_DEPLOYMENT_TARGET = 11.0;
				MTL_ENABLE_DEBUG_INFO = NO;
				SDKROOT = iphoneos;
				SWIFT_OPTIMIZATION_LEVEL = "-Owholemodule";
				VALIDATE_PRODUCT = YES;
			};
			name = Release;
		};
		8191AF43200F912600948F9E /* Debug */ = {
			isa = XCBuildConfiguration;
			buildSettings = {
				ASSETCATALOG_COMPILER_APPICON_NAME = AppIcon;
				CODE_SIGN_STYLE = Automatic;
				DEVELOPMENT_TEAM = 8Z3K9T9U74;
				INFOPLIST_FILE = ScrollTopTabBar/Info.plist;
				LD_RUNPATH_SEARCH_PATHS = "$(inherited) @executable_path/Frameworks";
				PRODUCT_BUNDLE_IDENTIFIER = Chtar.ScrollTopTabBar;
				PRODUCT_NAME = "$(TARGET_NAME)";
				SWIFT_VERSION = 4.0;
				TARGETED_DEVICE_FAMILY = "1,2";
			};
			name = Debug;
		};
		8191AF44200F912600948F9E /* Release */ = {
			isa = XCBuildConfiguration;
			buildSettings = {
				ASSETCATALOG_COMPILER_APPICON_NAME = AppIcon;
				CODE_SIGN_STYLE = Automatic;
				DEVELOPMENT_TEAM = 8Z3K9T9U74;
				INFOPLIST_FILE = ScrollTopTabBar/Info.plist;
				LD_RUNPATH_SEARCH_PATHS = "$(inherited) @executable_path/Frameworks";
				PRODUCT_BUNDLE_IDENTIFIER = Chtar.ScrollTopTabBar;
				PRODUCT_NAME = "$(TARGET_NAME)";
				SWIFT_VERSION = 4.0;
				TARGETED_DEVICE_FAMILY = "1,2";
			};
			name = Release;
		};
/* End XCBuildConfiguration section */

/* Begin XCConfigurationList section */
		8191AF2B200F912600948F9E /* Build configuration list for PBXProject "ScrollTopTabBar" */ = {
			isa = XCConfigurationList;
			buildConfigurations = (
				8191AF40200F912600948F9E /* Debug */,
				8191AF41200F912600948F9E /* Release */,
			);
			defaultConfigurationIsVisible = 0;
			defaultConfigurationName = Release;
		};
		8191AF42200F912600948F9E /* Build configuration list for PBXNativeTarget "ScrollTopTabBar" */ = {
			isa = XCConfigurationList;
			buildConfigurations = (
				8191AF43200F912600948F9E /* Debug */,
				8191AF44200F912600948F9E /* Release */,
			);
			defaultConfigurationIsVisible = 0;
			defaultConfigurationName = Release;
		};
/* End XCConfigurationList section */
	};
	rootObject = 8191AF28200F912600948F9E /* Project object */;
}
